<Solution>
  <Folder Name="/Solution Items/">
    <File Path=".editorconfig" />
    <File Path=".gitmodules" />
    <File Path="AGENTS.md" />
    <File Path="Directory.Build.props" />
    <File Path="Directory.Build.targets" />
    <File Path="Directory.Packages.props" />
    <File Path="Directory.Solution.props" />
    <File Path="global.json" />
    <File Path="LICENSE" />
    <File Path=".releaserc.json" />
    <File Path="nuget.config" />
    <File Path="README.md" />
  </Folder>
  <Folder Name="/src/">
    <Project Path="src/Hexalith.ChatBot.AppHost/Hexalith.ChatBot.AppHost.csproj" />
    <Project Path="src/Hexalith.ChatBot.Cli/Hexalith.ChatBot.Cli.csproj" />
    <Project Path="src/Hexalith.ChatBot.Client/Hexalith.ChatBot.Client.csproj" />
    <Project Path="src/Hexalith.ChatBot.Contracts/Hexalith.ChatBot.Contracts.csproj" />
    <Project Path="src/Hexalith.ChatBot.Mcp/Hexalith.ChatBot.Mcp.csproj" />
    <Project Path="src/Hexalith.ChatBot.Server/Hexalith.ChatBot.Server.csproj" />
    <Project Path="src/Hexalith.ChatBot.Testing/Hexalith.ChatBot.Testing.csproj" />
    <Project Path="src/Hexalith.ChatBot.UI/Hexalith.ChatBot.UI.csproj" />
    <Project Path="src/Hexalith.ChatBot.Workers/Hexalith.ChatBot.Workers.csproj" />
  </Folder>
  <Folder Name="/references/Hexalith.Commons/">
    <Project Path="references/Hexalith.Commons/src/libraries/Hexalith.Commons.UniqueIds/Hexalith.Commons.UniqueIds.csproj" />
  </Folder>
  <Folder Name="/references/Hexalith.Conversations/">
    <Project Path="references/Hexalith.Conversations/src/Hexalith.Conversations.Contracts/Hexalith.Conversations.Contracts.csproj" />
  </Folder>
  <Folder Name="/references/Hexalith.EventStore/">
    <Project Path="references/Hexalith.EventStore/src/Hexalith.EventStore/Hexalith.EventStore.csproj" />
    <Project Path="references/Hexalith.EventStore/src/Hexalith.EventStore.Admin.Abstractions/Hexalith.EventStore.Admin.Abstractions.csproj" />
    <Project Path="references/Hexalith.EventStore/src/Hexalith.EventStore.Client/Hexalith.EventStore.Client.csproj" />
    <Project Path="references/Hexalith.EventStore/src/Hexalith.EventStore.Contracts/Hexalith.EventStore.Contracts.csproj" />
    <Project Path="references/Hexalith.EventStore/src/Hexalith.EventStore.DomainService/Hexalith.EventStore.DomainService.csproj" />
    <Project Path="references/Hexalith.EventStore/src/Hexalith.EventStore.Server/Hexalith.EventStore.Server.csproj" />
    <Project Path="references/Hexalith.EventStore/src/Hexalith.EventStore.ServiceDefaults/Hexalith.EventStore.ServiceDefaults.csproj" />
  </Folder>
  <Folder Name="/references/Hexalith.Folders/">
    <Project Path="references/Hexalith.Folders/src/Hexalith.Folders.Client/Hexalith.Folders.Client.csproj" />
    <Project Path="references/Hexalith.Folders/src/Hexalith.Folders.Contracts/Hexalith.Folders.Contracts.csproj" />
  </Folder>
  <Folder Name="/references/Hexalith.FrontComposer/">
    <Project Path="references/Hexalith.FrontComposer/src/Hexalith.FrontComposer.Contracts/Hexalith.FrontComposer.Contracts.csproj" />
    <Project Path="references/Hexalith.FrontComposer/src/Hexalith.FrontComposer.Shell/Hexalith.FrontComposer.Shell.csproj" />
    <Project Path="references/Hexalith.FrontComposer/src/Hexalith.FrontComposer.SourceTools/Hexalith.FrontComposer.SourceTools.csproj" />
  </Folder>
  <Folder Name="/references/Hexalith.Parties/">
    <Project Path="references/Hexalith.Parties/src/Hexalith.Parties.Client/Hexalith.Parties.Client.csproj" />
    <Project Path="references/Hexalith.Parties/src/Hexalith.Parties.Contracts/Hexalith.Parties.Contracts.csproj" />
  </Folder>
  <Folder Name="/references/Hexalith.Projects/">
    <Project Path="references/Hexalith.Projects/src/Hexalith.Projects.Client/Hexalith.Projects.Client.csproj" />
    <Project Path="references/Hexalith.Projects/src/Hexalith.Projects.Contracts/Hexalith.Projects.Contracts.csproj" />
  </Folder>
  <Folder Name="/references/Hexalith.Tenants/">
    <Project Path="references/Hexalith.Tenants/src/Hexalith.Tenants/Hexalith.Tenants.csproj" />
    <Project Path="references/Hexalith.Tenants/src/Hexalith.Tenants.Contracts/Hexalith.Tenants.Contracts.csproj" />
    <Project Path="references/Hexalith.Tenants/src/Hexalith.Tenants.Server/Hexalith.Tenants.Server.csproj" />
  </Folder>
  <Folder Name="/tests/">
    <Project Path="tests/Hexalith.ChatBot.AppHost.Tests/Hexalith.ChatBot.AppHost.Tests.csproj" />
    <Project Path="tests/Hexalith.ChatBot.Architecture.Tests/Hexalith.ChatBot.Architecture.Tests.csproj" />
    <Project Path="tests/Hexalith.ChatBot.Cli.Tests/Hexalith.ChatBot.Cli.Tests.csproj" />
    <Project Path="tests/Hexalith.ChatBot.Client.Tests/Hexalith.ChatBot.Client.Tests.csproj" />
    <Project Path="tests/Hexalith.ChatBot.Conformance.Tests/Hexalith.ChatBot.Conformance.Tests.csproj" />
    <Project Path="tests/Hexalith.ChatBot.Contracts.Tests/Hexalith.ChatBot.Contracts.Tests.csproj" />
    <Project Path="tests/Hexalith.ChatBot.IntegrationTests/Hexalith.ChatBot.IntegrationTests.csproj" />
    <Project Path="tests/Hexalith.ChatBot.Mcp.Tests/Hexalith.ChatBot.Mcp.Tests.csproj" />
    <Project Path="tests/Hexalith.ChatBot.RecoverySandbox/Hexalith.ChatBot.RecoverySandbox.csproj" />
    <Project Path="tests/Hexalith.ChatBot.Server.Tests/Hexalith.ChatBot.Server.Tests.csproj" />
    <Project Path="tests/Hexalith.ChatBot.Testing.Tests/Hexalith.ChatBot.Testing.Tests.csproj" />
    <Project Path="tests/Hexalith.ChatBot.UI.E2E.Tests/Hexalith.ChatBot.UI.E2E.Tests.csproj" />
    <Project Path="tests/Hexalith.ChatBot.UI.Tests/Hexalith.ChatBot.UI.Tests.csproj" />
    <Project Path="tests/Hexalith.ChatBot.Workers.Tests/Hexalith.ChatBot.Workers.Tests.csproj" />
  </Folder>
</Solution>
